
Microsoft Visual Studio Solution File, Format Version 12.00
# Visual Studio 15
VisualStudioVersion = 15.0.27703.2047
MinimumVisualStudioVersion = 10.0.40219.1
Project("{888888A0-9F3D-457C-B088-3A5042F75D52}") = "RealWorldPresentation", "RealWorldPresentation\RealWorldPresentation.pyproj", "{3E2DE9F9-C3A2-49BE-BFFE-DFF70E65B952}"
EndProject
Global
	GlobalSection(SolutionConfigurationPlatforms) = preSolution
		Debug|Any CPU = Debug|Any CPU
		Release|Any CPU = Release|Any CPU
	EndGlobalSection
	GlobalSection(ProjectConfigurationPlatforms) = postSolution
		{3E2DE9F9-C3A2-49BE-BFFE-DFF70E65B952}.Debug|Any CPU.ActiveCfg = Debug|Any CPU
		{3E2DE9F9-C3A2-49BE-BFFE-DFF70E65B952}.Release|Any CPU.ActiveCfg = Release|Any CPU
	EndGlobalSection
	GlobalSection(SolutionProperties) = preSolution
		HideSolutionNode = FALSE
	EndGlobalSection
	GlobalSection(ExtensibilityGlobals) = postSolution
		SolutionGuid = {46FC7AC8-1B0B-4922-8368-562C34A3CE26}
	EndGlobalSection
EndGlobal
